# This file is automatically @generated by Cargo.
# It is not intended for manual editing.
version = 4

[[package]]
name = "aggregator"
version = "0.1.0"

[[package]]
name = "app"
version = "0.1.0"

[[package]]
name = "capture"
version = "0.1.0"

[[package]]
name = "compiler"
version = "0.1.0"

[[package]]
name = "core"
version = "0.1.0"

[[package]]
name = "events"
version = "0.1.0"

[[package]]
name = "gui"
version = "0.1.0"

[[package]]
name = "input"
version = "0.1.0"

[[package]]
name = "writer"
version = "0.1.0"
